
Microsoft Visual Studio Solution File, Format Version 12.00
# Visual Studio Version 16
VisualStudioVersion = 16.0.29911.84
MinimumVisualStudioVersion = 10.0.40219.1
Project("{FAE04EC0-301F-11D3-BF4B-00C04F79EFBC}") = "DogWalkers", "DogWalkers\DogWalkers.csproj", "{1B31D8D9-3D62-4601-8117-22FF3F4D821A}"
EndProject
Global
	GlobalSection(SolutionConfigurationPlatforms) = preSolution
		Debug|Any CPU = Debug|Any CPU
		Release|Any CPU = Release|Any CPU
	EndGlobalSection
	GlobalSection(ProjectConfigurationPlatforms) = postSolution
		{1B31D8D9-3D62-4601-8117-22FF3F4D821A}.Debug|Any CPU.ActiveCfg = Debug|Any CPU
		{1B31D8D9-3D62-4601-8117-22FF3F4D821A}.Debug|Any CPU.Build.0 = Debug|Any CPU
		{1B31D8D9-3D62-4601-8117-22FF3F4D821A}.Release|Any CPU.ActiveCfg = Release|Any CPU
		{1B31D8D9-3D62-4601-8117-22FF3F4D821A}.Release|Any CPU.Build.0 = Release|Any CPU
	EndGlobalSection
	GlobalSection(SolutionProperties) = preSolution
		HideSolutionNode = FALSE
	EndGlobalSection
	GlobalSection(ExtensibilityGlobals) = postSolution
		SolutionGuid = {FCE643BE-81FC-4663-BCC2-3DE04BABBBA5}
	EndGlobalSection
EndGlobal
